
Microsoft Visual Studio Solution File, Format Version 12.00
# Visual Studio Version 16
VisualStudioVersion = 16.0.29503.13
MinimumVisualStudioVersion = 10.0.40219.1
Project("{FAE04EC0-301F-11D3-BF4B-00C04F79EFBC}") = "store", "store\store.csproj", "{FFB281A9-C3D1-4572-9EA0-F7A3FD13521D}"
EndProject
Global
	GlobalSection(SolutionConfigurationPlatforms) = preSolution
		Debug|Any CPU = Debug|Any CPU
		Release|Any CPU = Release|Any CPU
	EndGlobalSection
	GlobalSection(ProjectConfigurationPlatforms) = postSolution
		{FFB281A9-C3D1-4572-9EA0-F7A3FD13521D}.Debug|Any CPU.ActiveCfg = Debug|Any CPU
		{FFB281A9-C3D1-4572-9EA0-F7A3FD13521D}.Debug|Any CPU.Build.0 = Debug|Any CPU
		{FFB281A9-C3D1-4572-9EA0-F7A3FD13521D}.Release|Any CPU.ActiveCfg = Release|Any CPU
		{FFB281A9-C3D1-4572-9EA0-F7A3FD13521D}.Release|Any CPU.Build.0 = Release|Any CPU
	EndGlobalSection
	GlobalSection(SolutionProperties) = preSolution
		HideSolutionNode = FALSE
	EndGlobalSection
	GlobalSection(ExtensibilityGlobals) = postSolution
		SolutionGuid = {3C7CB318-B634-459C-A7A8-780817924BCC}
	EndGlobalSection
EndGlobal
